
Microsoft Visual Studio Solution File, Format Version 12.00
# Visual Studio Version 17
VisualStudioVersion = 17.4.33110.190
MinimumVisualStudioVersion = 10.0.40219.1
Project("{8BC9CEB8-8B4A-11D0-8D11-00A0C91BC942}") = "LV1_FruitShop", "LV1_FruitShop\LV1_FruitShop.vcxproj", "{A9A7DFA9-3C41-4683-93B0-570B4F60690B}"
EndProject
Project("{8BC9CEB8-8B4A-11D0-8D11-00A0C91BC942}") = "LV1_KnightWeapon", "LV1_KnightWeapon\LV1_KnightWeapon.vcxproj", "{70982653-9307-4DC5-AF0D-765CCD45F797}"
EndProject
Project("{8BC9CEB8-8B4A-11D0-8D11-00A0C91BC942}") = "LV1_FoodFight", "LV1_FoodFight\LV1_FoodFight.vcxproj", "{2595FC74-14E6-4315-AB36-545DDC6B4E72}"
EndProject
Project("{8BC9CEB8-8B4A-11D0-8D11-00A0C91BC942}") = "LV1_Burger", "LV1_Burger\LV1_Burger.vcxproj", "{46D36089-30AA-45DF-A48F-2E19D8EC118D}"
EndProject
Project("{8BC9CEB8-8B4A-11D0-8D11-00A0C91BC942}") = "LV1_ThreeMan", "LV1_ThreeMan\LV1_ThreeMan.vcxproj", "{DCE09B59-CA38-4BEE-A248-8E081A6257C8}"
EndProject
Project("{8BC9CEB8-8B4A-11D0-8D11-00A0C91BC942}") = "LV1_Coke", "LV1_Coke\LV1_Coke.vcxproj", "{7E4A74B5-4AF5-430C-995D-A63521DA5428}"
EndProject
Project("{8BC9CEB8-8B4A-11D0-8D11-00A0C91BC942}") = "B2_ReverseCard", "B2_ReverseCard\B2_ReverseCard.vcxproj", "{6C27A0E6-EA88-4D55-80D2-EA002EC5FE89}"
EndProject
Project("{8BC9CEB8-8B4A-11D0-8D11-00A0C91BC942}") = "MEMO", "MEMO\MEMO.vcxproj", "{7B6A2483-8DF0-4C64-85F1-01F0E2557DBE}"
EndProject
Global
	GlobalSection(SolutionConfigurationPlatforms) = preSolution
		Debug|x64 = Debug|x64
		Debug|x86 = Debug|x86
		Release|x64 = Release|x64
		Release|x86 = Release|x86
	EndGlobalSection
	GlobalSection(ProjectConfigurationPlatforms) = postSolution
		{A9A7DFA9-3C41-4683-93B0-570B4F60690B}.Debug|x64.ActiveCfg = Debug|x64
		{A9A7DFA9-3C41-4683-93B0-570B4F60690B}.Debug|x64.Build.0 = Debug|x64
		{A9A7DFA9-3C41-4683-93B0-570B4F60690B}.Debug|x86.ActiveCfg = Debug|Win32
		{A9A7DFA9-3C41-4683-93B0-570B4F60690B}.Debug|x86.Build.0 = Debug|Win32
		{A9A7DFA9-3C41-4683-93B0-570B4F60690B}.Release|x64.ActiveCfg = Release|x64
		{A9A7DFA9-3C41-4683-93B0-570B4F60690B}.Release|x64.Build.0 = Release|x64
		{A9A7DFA9-3C41-4683-93B0-570B4F60690B}.Release|x86.ActiveCfg = Release|Win32
		{A9A7DFA9-3C41-4683-93B0-570B4F60690B}.Release|x86.Build.0 = Release|Win32
		{70982653-9307-4DC5-AF0D-765CCD45F797}.Debug|x64.ActiveCfg = Debug|x64
		{70982653-9307-4DC5-AF0D-765CCD45F797}.Debug|x64.Build.0 = Debug|x64
		{70982653-9307-4DC5-AF0D-765CCD45F797}.Debug|x86.ActiveCfg = Debug|Win32
		{70982653-9307-4DC5-AF0D-765CCD45F797}.Debug|x86.Build.0 = Debug|Win32
		{70982653-9307-4DC5-AF0D-765CCD45F797}.Release|x64.ActiveCfg = Release|x64
		{70982653-9307-4DC5-AF0D-765CCD45F797}.Release|x64.Build.0 = Release|x64
		{70982653-9307-4DC5-AF0D-765CCD45F797}.Release|x86.ActiveCfg = Release|Win32
		{70982653-9307-4DC5-AF0D-765CCD45F797}.Release|x86.Build.0 = Release|Win32
		{2595FC74-14E6-4315-AB36-545DDC6B4E72}.Debug|x64.ActiveCfg = Debug|x64
		{2595FC74-14E6-4315-AB36-545DDC6B4E72}.Debug|x64.Build.0 = Debug|x64
		{2595FC74-14E6-4315-AB36-545DDC6B4E72}.Debug|x86.ActiveCfg = Debug|Win32
		{2595FC74-14E6-4315-AB36-545DDC6B4E72}.Debug|x86.Build.0 = Debug|Win32
		{2595FC74-14E6-4315-AB36-545DDC6B4E72}.Release|x64.ActiveCfg = Release|x64
		{2595FC74-14E6-4315-AB36-545DDC6B4E72}.Release|x64.Build.0 = Release|x64
		{2595FC74-14E6-4315-AB36-545DDC6B4E72}.Release|x86.ActiveCfg = Release|Win32
		{2595FC74-14E6-4315-AB36-545DDC6B4E72}.Release|x86.Build.0 = Release|Win32
		{46D36089-30AA-45DF-A48F-2E19D8EC118D}.Debug|x64.ActiveCfg = Debug|x64
		{46D36089-30AA-45DF-A48F-2E19D8EC118D}.Debug|x64.Build.0 = Debug|x64
		{46D36089-30AA-45DF-A48F-2E19D8EC118D}.Debug|x86.ActiveCfg = Debug|Win32
		{46D36089-30AA-45DF-A48F-2E19D8EC118D}.Debug|x86.Build.0 = Debug|Win32
		{46D36089-30AA-45DF-A48F-2E19D8EC118D}.Release|x64.ActiveCfg = Release|x64
		{46D36089-30AA-45DF-A48F-2E19D8EC118D}.Release|x64.Build.0 = Release|x64
		{46D36089-30AA-45DF-A48F-2E19D8EC118D}.Release|x86.ActiveCfg = Release|Win32
		{46D36089-30AA-45DF-A48F-2E19D8EC118D}.Release|x86.Build.0 = Release|Win32
		{DCE09B59-CA38-4BEE-A248-8E081A6257C8}.Debug|x64.ActiveCfg = Debug|x64
		{DCE09B59-CA38-4BEE-A248-8E081A6257C8}.Debug|x64.Build.0 = Debug|x64
		{DCE09B59-CA38-4BEE-A248-8E081A6257C8}.Debug|x86.ActiveCfg = Debug|Win32
		{DCE09B59-CA38-4BEE-A248-8E081A6257C8}.Debug|x86.Build.0 = Debug|Win32
		{DCE09B59-CA38-4BEE-A248-8E081A6257C8}.Release|x64.ActiveCfg = Release|x64
		{DCE09B59-CA38-4BEE-A248-8E081A6257C8}.Release|x64.Build.0 = Release|x64
		{DCE09B59-CA38-4BEE-A248-8E081A6257C8}.Release|x86.ActiveCfg = Release|Win32
		{DCE09B59-CA38-4BEE-A248-8E081A6257C8}.Release|x86.Build.0 = Release|Win32
		{7E4A74B5-4AF5-430C-995D-A63521DA5428}.Debug|x64.ActiveCfg = Debug|x64
		{7E4A74B5-4AF5-430C-995D-A63521DA5428}.Debug|x64.Build.0 = Debug|x64
		{7E4A74B5-4AF5-430C-995D-A63521DA5428}.Debug|x86.ActiveCfg = Debug|Win32
		{7E4A74B5-4AF5-430C-995D-A63521DA5428}.Debug|x86.Build.0 = Debug|Win32
		{7E4A74B5-4AF5-430C-995D-A63521DA5428}.Release|x64.ActiveCfg = Release|x64
		{7E4A74B5-4AF5-430C-995D-A63521DA5428}.Release|x64.Build.0 = Release|x64
		{7E4A74B5-4AF5-430C-995D-A63521DA5428}.Release|x86.ActiveCfg = Release|Win32
		{7E4A74B5-4AF5-430C-995D-A63521DA5428}.Release|x86.Build.0 = Release|Win32
		{6C27A0E6-EA88-4D55-80D2-EA002EC5FE89}.Debug|x64.ActiveCfg = Debug|x64
		{6C27A0E6-EA88-4D55-80D2-EA002EC5FE89}.Debug|x64.Build.0 = Debug|x64
		{6C27A0E6-EA88-4D55-80D2-EA002EC5FE89}.Debug|x86.ActiveCfg = Debug|Win32
		{6C27A0E6-EA88-4D55-80D2-EA002EC5FE89}.Debug|x86.Build.0 = Debug|Win32
		{6C27A0E6-EA88-4D55-80D2-EA002EC5FE89}.Release|x64.ActiveCfg = Release|x64
		{6C27A0E6-EA88-4D55-80D2-EA002EC5FE89}.Release|x64.Build.0 = Release|x64
		{6C27A0E6-EA88-4D55-80D2-EA002EC5FE89}.Release|x86.ActiveCfg = Release|Win32
		{6C27A0E6-EA88-4D55-80D2-EA002EC5FE89}.Release|x86.Build.0 = Release|Win32
		{7B6A2483-8DF0-4C64-85F1-01F0E2557DBE}.Debug|x64.ActiveCfg = Debug|x64
		{7B6A2483-8DF0-4C64-85F1-01F0E2557DBE}.Debug|x64.Build.0 = Debug|x64
		{7B6A2483-8DF0-4C64-85F1-01F0E2557DBE}.Debug|x86.ActiveCfg = Debug|Win32
		{7B6A2483-8DF0-4C64-85F1-01F0E2557DBE}.Debug|x86.Build.0 = Debug|Win32
		{7B6A2483-8DF0-4C64-85F1-01F0E2557DBE}.Release|x64.ActiveCfg = Release|x64
		{7B6A2483-8DF0-4C64-85F1-01F0E2557DBE}.Release|x64.Build.0 = Release|x64
		{7B6A2483-8DF0-4C64-85F1-01F0E2557DBE}.Release|x86.ActiveCfg = Release|Win32
		{7B6A2483-8DF0-4C64-85F1-01F0E2557DBE}.Release|x86.Build.0 = Release|Win32
	EndGlobalSection
	GlobalSection(SolutionProperties) = preSolution
		HideSolutionNode = FALSE
	EndGlobalSection
	GlobalSection(ExtensibilityGlobals) = postSolution
		SolutionGuid = {F13970DA-600B-4F91-8CFB-4BFBF4CDA1DF}
	EndGlobalSection
EndGlobal
